
Microsoft Visual Studio Solution File, Format Version 12.00
# Visual Studio Version 16
VisualStudioVersion = 16.0.30128.74
MinimumVisualStudioVersion = 10.0.40219.1
Project("{9A19103F-16F7-4668-BE54-9A1E7A4F7556}") = "BlazorAdmin.Server", "BlazorAdmin\Server\BlazorAdmin.Server.csproj", "{A1C7538E-778A-4054-A043-D5A53FD383A4}"
EndProject
Project("{9A19103F-16F7-4668-BE54-9A1E7A4F7556}") = "BlazorAdmin.Client", "BlazorAdmin\Client\BlazorAdmin.Client.csproj", "{71CA1D14-55E9-4ABB-90C2-6D4CDD98E2F5}"
EndProject
Project("{9A19103F-16F7-4668-BE54-9A1E7A4F7556}") = "BlazorAdmin.Shared", "BlazorAdmin\Shared\BlazorAdmin.Shared.csproj", "{53609950-9B57-4DB6-9DD2-874264A08CF9}"
EndProject
Project("{9A19103F-16F7-4668-BE54-9A1E7A4F7556}") = "BlazorAdmin.Service", "BlazorAdmin.Service\BlazorAdmin.Service.csproj", "{0E3824A4-3ADB-4558-886E-83C7CED2F1D6}"
EndProject
Global
	GlobalSection(SolutionConfigurationPlatforms) = preSolution
		Debug|Any CPU = Debug|Any CPU
		Release|Any CPU = Release|Any CPU
	EndGlobalSection
	GlobalSection(ProjectConfigurationPlatforms) = postSolution
		{A1C7538E-778A-4054-A043-D5A53FD383A4}.Debug|Any CPU.ActiveCfg = Debug|Any CPU
		{A1C7538E-778A-4054-A043-D5A53FD383A4}.Debug|Any CPU.Build.0 = Debug|Any CPU
		{A1C7538E-778A-4054-A043-D5A53FD383A4}.Release|Any CPU.ActiveCfg = Release|Any CPU
		{A1C7538E-778A-4054-A043-D5A53FD383A4}.Release|Any CPU.Build.0 = Release|Any CPU
		{71CA1D14-55E9-4ABB-90C2-6D4CDD98E2F5}.Debug|Any CPU.ActiveCfg = Debug|Any CPU
		{71CA1D14-55E9-4ABB-90C2-6D4CDD98E2F5}.Debug|Any CPU.Build.0 = Debug|Any CPU
		{71CA1D14-55E9-4ABB-90C2-6D4CDD98E2F5}.Release|Any CPU.ActiveCfg = Release|Any CPU
		{71CA1D14-55E9-4ABB-90C2-6D4CDD98E2F5}.Release|Any CPU.Build.0 = Release|Any CPU
		{53609950-9B57-4DB6-9DD2-874264A08CF9}.Debug|Any CPU.ActiveCfg = Debug|Any CPU
		{53609950-9B57-4DB6-9DD2-874264A08CF9}.Debug|Any CPU.Build.0 = Debug|Any CPU
		{53609950-9B57-4DB6-9DD2-874264A08CF9}.Release|Any CPU.ActiveCfg = Release|Any CPU
		{53609950-9B57-4DB6-9DD2-874264A08CF9}.Release|Any CPU.Build.0 = Release|Any CPU
		{0E3824A4-3ADB-4558-886E-83C7CED2F1D6}.Debug|Any CPU.ActiveCfg = Debug|Any CPU
		{0E3824A4-3ADB-4558-886E-83C7CED2F1D6}.Debug|Any CPU.Build.0 = Debug|Any CPU
		{0E3824A4-3ADB-4558-886E-83C7CED2F1D6}.Release|Any CPU.ActiveCfg = Release|Any CPU
		{0E3824A4-3ADB-4558-886E-83C7CED2F1D6}.Release|Any CPU.Build.0 = Release|Any CPU
	EndGlobalSection
	GlobalSection(SolutionProperties) = preSolution
		HideSolutionNode = FALSE
	EndGlobalSection
	GlobalSection(ExtensibilityGlobals) = postSolution
		SolutionGuid = {0879E5BF-F59C-49E4-B3FC-72F8FD27D776}
	EndGlobalSection
EndGlobal
